// !$*UTF8*$!
{
	archiveVersion = 1;
	classes = {
	};
	objectVersion = 55;
	objects = {

/* Begin PBXBuildFile section */
		BC2E9F23286DA4D4006B6CEA /* PortfolioContainer.xcdatamodeld in Sources */ = {isa = PBXBuildFile; fileRef = BC2E9F21286DA4D4006B6CEA /* PortfolioContainer.xcdatamodeld */; };
		BC2E9F25286DA65A006B6CEA /* PortfolioDataService.swift in Sources */ = {isa = PBXBuildFile; fileRef = BC2E9F24286DA65A006B6CEA /* PortfolioDataService.swift */; };
		BC7ABAE52869FB7900A3A23C /* SearchBarView.swift in Sources */ = {isa = PBXBuildFile; fileRef = BC7ABAE42869FB7900A3A23C /* SearchBarView.swift */; };
		BC7ABAE7286A020400A3A23C /* UIApplication.swift in Sources */ = {isa = PBXBuildFile; fileRef = BC7ABAE6286A020400A3A23C /* UIApplication.swift */; };
		BC7ABAE9286AEFFE00A3A23C /* StatisticModel.swift in Sources */ = {isa = PBXBuildFile; fileRef = BC7ABAE8286AEFFE00A3A23C /* StatisticModel.swift */; };
		BC7ABAEB286AF18000A3A23C /* StatisticView.swift in Sources */ = {isa = PBXBuildFile; fileRef = BC7ABAEA286AF18000A3A23C /* StatisticView.swift */; };
		BC7ABAED286AF56400A3A23C /* HomeStatsView.swift in Sources */ = {isa = PBXBuildFile; fileRef = BC7ABAEC286AF56400A3A23C /* HomeStatsView.swift */; };
		BCAA8819286AFDDB00B07DF9 /* MarketDataModel.swift in Sources */ = {isa = PBXBuildFile; fileRef = BCAA8818286AFDDB00B07DF9 /* MarketDataModel.swift */; };
		BCAA881B286B0A2000B07DF9 /* MarketDatService.swift in Sources */ = {isa = PBXBuildFile; fileRef = BCAA881A286B0A1F00B07DF9 /* MarketDatService.swift */; };
		BCAA881D286C46FD00B07DF9 /* PortfolioView.swift in Sources */ = {isa = PBXBuildFile; fileRef = BCAA881C286C46FD00B07DF9 /* PortfolioView.swift */; };
		BCAA881F286C4EBC00B07DF9 /* XmarkButton.swift in Sources */ = {isa = PBXBuildFile; fileRef = BCAA881E286C4EBC00B07DF9 /* XmarkButton.swift */; };
		BCAA8821286C53D200B07DF9 /* CoinLogoView.swift in Sources */ = {isa = PBXBuildFile; fileRef = BCAA8820286C53D200B07DF9 /* CoinLogoView.swift */; };
		BCABE127286068D90071BC48 /* HomeViewModel.swift in Sources */ = {isa = PBXBuildFile; fileRef = BCABE126286068D90071BC48 /* HomeViewModel.swift */; };
		BCB845AB2861C01E001B6ACA /* CoinDataService.swift in Sources */ = {isa = PBXBuildFile; fileRef = BCB845AA2861C01E001B6ACA /* CoinDataService.swift */; };
		BCB845AE2863004F001B6ACA /* NetworkingManager.swift in Sources */ = {isa = PBXBuildFile; fileRef = BCB845AD2863004F001B6ACA /* NetworkingManager.swift */; };
		BCB845B1286310ED001B6ACA /* CoinImageView.swift in Sources */ = {isa = PBXBuildFile; fileRef = BCB845B0286310ED001B6ACA /* CoinImageView.swift */; };
		BCB845B3286454E7001B6ACA /* CoinImageService.swift in Sources */ = {isa = PBXBuildFile; fileRef = BCB845B2286454E7001B6ACA /* CoinImageService.swift */; };
		BCB845B528645760001B6ACA /* CoinImageViewModel.swift in Sources */ = {isa = PBXBuildFile; fileRef = BCB845B428645760001B6ACA /* CoinImageViewModel.swift */; };
		BCB845B72865F64A001B6ACA /* LocalFileManager.swift in Sources */ = {isa = PBXBuildFile; fileRef = BCB845B62865F64A001B6ACA /* LocalFileManager.swift */; };
		BCCA6CE9285B0D4A0033D37C /* CryptoApp.swift in Sources */ = {isa = PBXBuildFile; fileRef = BCCA6CE8285B0D4A0033D37C /* CryptoApp.swift */; };
		BCCA6CEB285B0D4A0033D37C /* ContentView.swift in Sources */ = {isa = PBXBuildFile; fileRef = BCCA6CEA285B0D4A0033D37C /* ContentView.swift */; };
		BCCA6CF0285B0D4E0033D37C /* Preview Assets.xcassets in Resources */ = {isa = PBXBuildFile; fileRef = BCCA6CEF285B0D4E0033D37C /* Preview Assets.xcassets */; };
		BCCA6CF7285B0E930033D37C /* Assets.xcassets in Resources */ = {isa = PBXBuildFile; fileRef = BCCA6CF6285B0E930033D37C /* Assets.xcassets */; };
		BCCA6CFA285B2C140033D37C /* Color.swift in Sources */ = {isa = PBXBuildFile; fileRef = BCCA6CF9285B2C140033D37C /* Color.swift */; };
		BCF0C355285B320900DD4A6E /* HomeView.swift in Sources */ = {isa = PBXBuildFile; fileRef = BCF0C354285B320900DD4A6E /* HomeView.swift */; };
		BCF0C359285B340000DD4A6E /* CircleButtonView.swift in Sources */ = {isa = PBXBuildFile; fileRef = BCF0C358285B340000DD4A6E /* CircleButtonView.swift */; };
		BCF0C35B285B806200DD4A6E /* CircleButtonAnimationView.swift in Sources */ = {isa = PBXBuildFile; fileRef = BCF0C35A285B806200DD4A6E /* CircleButtonAnimationView.swift */; };
		BCF0C35E285C75D500DD4A6E /* CoinModel.swift in Sources */ = {isa = PBXBuildFile; fileRef = BCF0C35D285C75D500DD4A6E /* CoinModel.swift */; };
		BCF0C360285CB41000DD4A6E /* CoinRowView.swift in Sources */ = {isa = PBXBuildFile; fileRef = BCF0C35F285CB41000DD4A6E /* CoinRowView.swift */; };
		BCF0C362285CB47000DD4A6E /* PreviewProvider.swift in Sources */ = {isa = PBXBuildFile; fileRef = BCF0C361285CB47000DD4A6E /* PreviewProvider.swift */; };
		BCF0C364285CB9DA00DD4A6E /* Double.swift in Sources */ = {isa = PBXBuildFile; fileRef = BCF0C363285CB9DA00DD4A6E /* Double.swift */; };
/* End PBXBuildFile section */

/* Begin PBXFileReference section */
		BC2E9F22286DA4D4006B6CEA /* PortfolioContainer.xcdatamodel */ = {isa = PBXFileReference; lastKnownFileType = wrapper.xcdatamodel; path = PortfolioContainer.xcdatamodel; sourceTree = "<group>"; };
		BC2E9F24286DA65A006B6CEA /* PortfolioDataService.swift */ = {isa = PBXFileReference; lastKnownFileType = sourcecode.swift; path = PortfolioDataService.swift; sourceTree = "<group>"; };
		BC7ABAE42869FB7900A3A23C /* SearchBarView.swift */ = {isa = PBXFileReference; lastKnownFileType = sourcecode.swift; path = SearchBarView.swift; sourceTree = "<group>"; };
		BC7ABAE6286A020400A3A23C /* UIApplication.swift */ = {isa = PBXFileReference; lastKnownFileType = sourcecode.swift; path = UIApplication.swift; sourceTree = "<group>"; };
		BC7ABAE8286AEFFE00A3A23C /* StatisticModel.swift */ = {isa = PBXFileReference; lastKnownFileType = sourcecode.swift; path = StatisticModel.swift; sourceTree = "<group>"; };
		BC7ABAEA286AF18000A3A23C /* StatisticView.swift */ = {isa = PBXFileReference; lastKnownFileType = sourcecode.swift; path = StatisticView.swift; sourceTree = "<group>"; };
		BC7ABAEC286AF56400A3A23C /* HomeStatsView.swift */ = {isa = PBXFileReference; lastKnownFileType = sourcecode.swift; path = HomeStatsView.swift; sourceTree = "<group>"; };
		BCAA8818286AFDDB00B07DF9 /* MarketDataModel.swift */ = {isa = PBXFileReference; lastKnownFileType = sourcecode.swift; path = MarketDataModel.swift; sourceTree = "<group>"; };
		BCAA881A286B0A1F00B07DF9 /* MarketDatService.swift */ = {isa = PBXFileReference; lastKnownFileType = sourcecode.swift; path = MarketDatService.swift; sourceTree = "<group>"; };
		BCAA881C286C46FD00B07DF9 /* PortfolioView.swift */ = {isa = PBXFileReference; lastKnownFileType = sourcecode.swift; path = PortfolioView.swift; sourceTree = "<group>"; };
		BCAA881E286C4EBC00B07DF9 /* XmarkButton.swift */ = {isa = PBXFileReference; lastKnownFileType = sourcecode.swift; path = XmarkButton.swift; sourceTree = "<group>"; };
		BCAA8820286C53D200B07DF9 /* CoinLogoView.swift */ = {isa = PBXFileReference; lastKnownFileType = sourcecode.swift; path = CoinLogoView.swift; sourceTree = "<group>"; };
		BCAA8822286C9FA700B07DF9 /* Info.plist */ = {isa = PBXFileReference; lastKnownFileType = text.plist; path = Info.plist; sourceTree = "<group>"; };
		BCABE126286068D90071BC48 /* HomeViewModel.swift */ = {isa = PBXFileReference; lastKnownFileType = sourcecode.swift; path = HomeViewModel.swift; sourceTree = "<group>"; };
		BCB845AA2861C01E001B6ACA /* CoinDataService.swift */ = {isa = PBXFileReference; lastKnownFileType = sourcecode.swift; path = CoinDataService.swift; sourceTree = "<group>"; };
		BCB845AD2863004F001B6ACA /* NetworkingManager.swift */ = {isa = PBXFileReference; lastKnownFileType = sourcecode.swift; path = NetworkingManager.swift; sourceTree = "<group>"; };
		BCB845B0286310ED001B6ACA /* CoinImageView.swift */ = {isa = PBXFileReference; lastKnownFileType = sourcecode.swift; path = CoinImageView.swift; sourceTree = "<group>"; };
		BCB845B2286454E7001B6ACA /* CoinImageService.swift */ = {isa = PBXFileReference; lastKnownFileType = sourcecode.swift; path = CoinImageService.swift; sourceTree = "<group>"; };
		BCB845B428645760001B6ACA /* CoinImageViewModel.swift */ = {isa = PBXFileReference; lastKnownFileType = sourcecode.swift; path = CoinImageViewModel.swift; sourceTree = "<group>"; };
		BCB845B62865F64A001B6ACA /* LocalFileManager.swift */ = {isa = PBXFileReference; lastKnownFileType = sourcecode.swift; path = LocalFileManager.swift; sourceTree = "<group>"; };
		BCCA6CE5285B0D4A0033D37C /* Crypto tracker.app */ = {isa = PBXFileReference; explicitFileType = wrapper.application; includeInIndex = 0; path = "Crypto tracker.app"; sourceTree = BUILT_PRODUCTS_DIR; };
		BCCA6CE8285B0D4A0033D37C /* CryptoApp.swift */ = {isa = PBXFileReference; lastKnownFileType = sourcecode.swift; path = CryptoApp.swift; sourceTree = "<group>"; };
		BCCA6CEA285B0D4A0033D37C /* ContentView.swift */ = {isa = PBXFileReference; lastKnownFileType = sourcecode.swift; path = ContentView.swift; sourceTree = "<group>"; };
		BCCA6CEF285B0D4E0033D37C /* Preview Assets.xcassets */ = {isa = PBXFileReference; lastKnownFileType = folder.assetcatalog; path = "Preview Assets.xcassets"; sourceTree = "<group>"; };
		BCCA6CF6285B0E930033D37C /* Assets.xcassets */ = {isa = PBXFileReference; lastKnownFileType = folder.assetcatalog; name = Assets.xcassets; path = ../../../../../../Downloads/Resources/Assets.xcassets; sourceTree = "<group>"; };
		BCCA6CF9285B2C140033D37C /* Color.swift */ = {isa = PBXFileReference; lastKnownFileType = sourcecode.swift; path = Color.swift; sourceTree = "<group>"; };
		BCF0C354285B320900DD4A6E /* HomeView.swift */ = {isa = PBXFileReference; lastKnownFileType = sourcecode.swift; path = HomeView.swift; sourceTree = "<group>"; };
		BCF0C358285B340000DD4A6E /* CircleButtonView.swift */ = {isa = PBXFileReference; lastKnownFileType = sourcecode.swift; path = CircleButtonView.swift; sourceTree = "<group>"; };
		BCF0C35A285B806200DD4A6E /* CircleButtonAnimationView.swift */ = {isa = PBXFileReference; lastKnownFileType = sourcecode.swift; path = CircleButtonAnimationView.swift; sourceTree = "<group>"; };
		BCF0C35D285C75D500DD4A6E /* CoinModel.swift */ = {isa = PBXFileReference; lastKnownFileType = sourcecode.swift; path = CoinModel.swift; sourceTree = "<group>"; };
		BCF0C35F285CB41000DD4A6E /* CoinRowView.swift */ = {isa = PBXFileReference; lastKnownFileType = sourcecode.swift; path = CoinRowView.swift; sourceTree = "<group>"; };
		BCF0C361285CB47000DD4A6E /* PreviewProvider.swift */ = {isa = PBXFileReference; lastKnownFileType = sourcecode.swift; path = PreviewProvider.swift; sourceTree = "<group>"; };
		BCF0C363285CB9DA00DD4A6E /* Double.swift */ = {isa = PBXFileReference; lastKnownFileType = sourcecode.swift; path = Double.swift; sourceTree = "<group>"; };
/* End PBXFileReference section */

/* Begin PBXFrameworksBuildPhase section */
		BCCA6CE2285B0D4A0033D37C /* Frameworks */ = {
			isa = PBXFrameworksBuildPhase;
			buildActionMask = 2147483647;
			files = (
			);
			runOnlyForDeploymentPostprocessing = 0;
		};
/* End PBXFrameworksBuildPhase section */

/* Begin PBXGroup section */
		BCB845A92861BFCA001B6ACA /* Services */ = {
			isa = PBXGroup;
			children = (
				BCB845AA2861C01E001B6ACA /* CoinDataService.swift */,
				BCB845B2286454E7001B6ACA /* CoinImageService.swift */,
				BCAA881A286B0A1F00B07DF9 /* MarketDatService.swift */,
				BC2E9F24286DA65A006B6CEA /* PortfolioDataService.swift */,
			);
			path = Services;
			sourceTree = "<group>";
		};
		BCB845AC2861DB6E001B6ACA /* Utilities */ = {
			isa = PBXGroup;
			children = (
				BCB845AD2863004F001B6ACA /* NetworkingManager.swift */,
				BCB845B62865F64A001B6ACA /* LocalFileManager.swift */,
			);
			path = Utilities;
			sourceTree = "<group>";
		};
		BCB845AF286310D1001B6ACA /* CoinImage */ = {
			isa = PBXGroup;
			children = (
				BCB845B0286310ED001B6ACA /* CoinImageView.swift */,
				BCB845B428645760001B6ACA /* CoinImageViewModel.swift */,
				BCAA8820286C53D200B07DF9 /* CoinLogoView.swift */,
			);
			path = CoinImage;
			sourceTree = "<group>";
		};
		BCCA6CDC285B0D4A0033D37C = {
			isa = PBXGroup;
			children = (
				BCCA6CE7285B0D4A0033D37C /* Crypto */,
				BCCA6CE6285B0D4A0033D37C /* Products */,
			);
			sourceTree = "<group>";
		};
		BCCA6CE6285B0D4A0033D37C /* Products */ = {
			isa = PBXGroup;
			children = (
				BCCA6CE5285B0D4A0033D37C /* Crypto tracker.app */,
			);
			name = Products;
			sourceTree = "<group>";
		};
		BCCA6CE7285B0D4A0033D37C /* Crypto */ = {
			isa = PBXGroup;
			children = (
				BCAA8822286C9FA700B07DF9 /* Info.plist */,
				BCB845AC2861DB6E001B6ACA /* Utilities */,
				BCB845A92861BFCA001B6ACA /* Services */,
				BCF0C35C285C6D4700DD4A6E /* Models */,
				BCCA6CFB285B316D0033D37C /* Core */,
				BCCA6CF8285B2BF00033D37C /* Extensions */,
				BCCA6CE8285B0D4A0033D37C /* CryptoApp.swift */,
				BCCA6CEA285B0D4A0033D37C /* ContentView.swift */,
				BCCA6CF6285B0E930033D37C /* Assets.xcassets */,
				BCCA6CEE285B0D4E0033D37C /* Preview Content */,
			);
			path = Crypto;
			sourceTree = "<group>";
		};
		BCCA6CEE285B0D4E0033D37C /* Preview Content */ = {
			isa = PBXGroup;
			children = (
				BCCA6CEF285B0D4E0033D37C /* Preview Assets.xcassets */,
			);
			path = "Preview Content";
			sourceTree = "<group>";
		};
		BCCA6CF8285B2BF00033D37C /* Extensions */ = {
			isa = PBXGroup;
			children = (
				BCCA6CF9285B2C140033D37C /* Color.swift */,
				BCF0C361285CB47000DD4A6E /* PreviewProvider.swift */,
				BCF0C363285CB9DA00DD4A6E /* Double.swift */,
				BC7ABAE6286A020400A3A23C /* UIApplication.swift */,
			);
			path = Extensions;
			sourceTree = "<group>";
		};
		BCCA6CFB285B316D0033D37C /* Core */ = {
			isa = PBXGroup;
			children = (
				BCF0C356285B33D100DD4A6E /* Components */,
				BCCA6CFC285B317E0033D37C /* Home */,
			);
			path = Core;
			sourceTree = "<group>";
		};
		BCCA6CFC285B317E0033D37C /* Home */ = {
			isa = PBXGroup;
			children = (
				BCCA6CFE285B31940033D37C /* ViewModels */,
				BCCA6CFD285B318B0033D37C /* Views */,
			);
			path = Home;
			sourceTree = "<group>";
		};
		BCCA6CFD285B318B0033D37C /* Views */ = {
			isa = PBXGroup;
			children = (
				BCF0C354285B320900DD4A6E /* HomeView.swift */,
				BCF0C35F285CB41000DD4A6E /* CoinRowView.swift */,
				BC7ABAEC286AF56400A3A23C /* HomeStatsView.swift */,
				BCAA881C286C46FD00B07DF9 /* PortfolioView.swift */,
			);
			path = Views;
			sourceTree = "<group>";
		};
		BCCA6CFE285B31940033D37C /* ViewModels */ = {
			isa = PBXGroup;
			children = (
				BCABE126286068D90071BC48 /* HomeViewModel.swift */,
			);
			path = ViewModels;
			sourceTree = "<group>";
		};
		BCF0C356285B33D100DD4A6E /* Components */ = {
			isa = PBXGroup;
			children = (
				BCB845AF286310D1001B6ACA /* CoinImage */,
				BCF0C357285B33ED00DD4A6E /* CircleButton */,
				BC7ABAE42869FB7900A3A23C /* SearchBarView.swift */,
				BC7ABAEA286AF18000A3A23C /* StatisticView.swift */,
				BCAA881E286C4EBC00B07DF9 /* XmarkButton.swift */,
			);
			path = Components;
			sourceTree = "<group>";
		};
		BCF0C357285B33ED00DD4A6E /* CircleButton */ = {
			isa = PBXGroup;
			children = (
				BCF0C358285B340000DD4A6E /* CircleButtonView.swift */,
				BCF0C35A285B806200DD4A6E /* CircleButtonAnimationView.swift */,
			);
			path = CircleButton;
			sourceTree = "<group>";
		};
		BCF0C35C285C6D4700DD4A6E /* Models */ = {
			isa = PBXGroup;
			children = (
				BCF0C35D285C75D500DD4A6E /* CoinModel.swift */,
				BC7ABAE8286AEFFE00A3A23C /* StatisticModel.swift */,
				BCAA8818286AFDDB00B07DF9 /* MarketDataModel.swift */,
				BC2E9F21286DA4D4006B6CEA /* PortfolioContainer.xcdatamodeld */,
			);
			path = Models;
			sourceTree = "<group>";
		};
/* End PBXGroup section */

/* Begin PBXNativeTarget section */
		BCCA6CE4285B0D4A0033D37C /* Crypto */ = {
			isa = PBXNativeTarget;
			buildConfigurationList = BCCA6CF3285B0D4E0033D37C /* Build configuration list for PBXNativeTarget "Crypto" */;
			buildPhases = (
				BCCA6CE1285B0D4A0033D37C /* Sources */,
				BCCA6CE2285B0D4A0033D37C /* Frameworks */,
				BCCA6CE3285B0D4A0033D37C /* Resources */,
			);
			buildRules = (
			);
			dependencies = (
			);
			name = Crypto;
			productName = Crypto;
			productReference = BCCA6CE5285B0D4A0033D37C /* Crypto tracker.app */;
			productType = "com.apple.product-type.application";
		};
/* End PBXNativeTarget section */

/* Begin PBXProject section */
		BCCA6CDD285B0D4A0033D37C /* Project object */ = {
			isa = PBXProject;
			attributes = {
				BuildIndependentTargetsInParallel = 1;
				LastSwiftUpdateCheck = 1340;
				LastUpgradeCheck = 1340;
				TargetAttributes = {
					BCCA6CE4285B0D4A0033D37C = {
						CreatedOnToolsVersion = 13.4.1;
					};
				};
			};
			buildConfigurationList = BCCA6CE0285B0D4A0033D37C /* Build configuration list for PBXProject "Crypto" */;
			compatibilityVersion = "Xcode 13.0";
			developmentRegion = en;
			hasScannedForEncodings = 0;
			knownRegions = (
				en,
				Base,
			);
			mainGroup = BCCA6CDC285B0D4A0033D37C;
			productRefGroup = BCCA6CE6285B0D4A0033D37C /* Products */;
			projectDirPath = "";
			projectRoot = "";
			targets = (
				BCCA6CE4285B0D4A0033D37C /* Crypto */,
			);
		};
/* End PBXProject section */

/* Begin PBXResourcesBuildPhase section */
		BCCA6CE3285B0D4A0033D37C /* Resources */ = {
			isa = PBXResourcesBuildPhase;
			buildActionMask = 2147483647;
			files = (
				BCCA6CF0285B0D4E0033D37C /* Preview Assets.xcassets in Resources */,
				BCCA6CF7285B0E930033D37C /* Assets.xcassets in Resources */,
			);
			runOnlyForDeploymentPostprocessing = 0;
		};
/* End PBXResourcesBuildPhase section */

/* Begin PBXSourcesBuildPhase section */
		BCCA6CE1285B0D4A0033D37C /* Sources */ = {
			isa = PBXSourcesBuildPhase;
			buildActionMask = 2147483647;
			files = (
				BC2E9F23286DA4D4006B6CEA /* PortfolioContainer.xcdatamodeld in Sources */,
				BC7ABAE9286AEFFE00A3A23C /* StatisticModel.swift in Sources */,
				BCB845AB2861C01E001B6ACA /* CoinDataService.swift in Sources */,
				BCF0C360285CB41000DD4A6E /* CoinRowView.swift in Sources */,
				BCABE127286068D90071BC48 /* HomeViewModel.swift in Sources */,
				BCCA6CEB285B0D4A0033D37C /* ContentView.swift in Sources */,
				BCB845B72865F64A001B6ACA /* LocalFileManager.swift in Sources */,
				BCAA8819286AFDDB00B07DF9 /* MarketDataModel.swift in Sources */,
				BCF0C355285B320900DD4A6E /* HomeView.swift in Sources */,
				BC7ABAEB286AF18000A3A23C /* StatisticView.swift in Sources */,
				BCB845B1286310ED001B6ACA /* CoinImageView.swift in Sources */,
				BCCA6CE9285B0D4A0033D37C /* CryptoApp.swift in Sources */,
				BC7ABAE7286A020400A3A23C /* UIApplication.swift in Sources */,
				BCF0C359285B340000DD4A6E /* CircleButtonView.swift in Sources */,
				BCCA6CFA285B2C140033D37C /* Color.swift in Sources */,
				BC7ABAE52869FB7900A3A23C /* SearchBarView.swift in Sources */,
				BCAA881B286B0A2000B07DF9 /* MarketDatService.swift in Sources */,
				BCB845AE2863004F001B6ACA /* NetworkingManager.swift in Sources */,
				BCAA8821286C53D200B07DF9 /* CoinLogoView.swift in Sources */,
				BCAA881F286C4EBC00B07DF9 /* XmarkButton.swift in Sources */,
				BC7ABAED286AF56400A3A23C /* HomeStatsView.swift in Sources */,
				BCF0C35B285B806200DD4A6E /* CircleButtonAnimationView.swift in Sources */,
				BCB845B528645760001B6ACA /* CoinImageViewModel.swift in Sources */,
				BCF0C362285CB47000DD4A6E /* PreviewProvider.swift in Sources */,
				BCAA881D286C46FD00B07DF9 /* PortfolioView.swift in Sources */,
				BCF0C364285CB9DA00DD4A6E /* Double.swift in Sources */,
				BCB845B3286454E7001B6ACA /* CoinImageService.swift in Sources */,
				BCF0C35E285C75D500DD4A6E /* CoinModel.swift in Sources */,
				BC2E9F25286DA65A006B6CEA /* PortfolioDataService.swift in Sources */,
			);
			runOnlyForDeploymentPostprocessing = 0;
		};
/* End PBXSourcesBuildPhase section */

/* Begin XCBuildConfiguration section */
		BCCA6CF1285B0D4E0033D37C /* Debug */ = {
			isa = XCBuildConfiguration;
			buildSettings = {
				ALWAYS_SEARCH_USER_PATHS = NO;
				CLANG_ANALYZER_NONNULL = YES;
				CLANG_ANALYZER_NUMBER_OBJECT_CONVERSION = YES_AGGRESSIVE;
				CLANG_CXX_LANGUAGE_STANDARD = "gnu++17";
				CLANG_ENABLE_MODULES = YES;
				CLANG_ENABLE_OBJC_ARC = YES;
				CLANG_ENABLE_OBJC_WEAK = YES;
				CLANG_WARN_BLOCK_CAPTURE_AUTORELEASING = YES;
				CLANG_WARN_BOOL_CONVERSION = YES;
				CLANG_WARN_COMMA = YES;
				CLANG_WARN_CONSTANT_CONVERSION = YES;
				CLANG_WARN_DEPRECATED_OBJC_IMPLEMENTATIONS = YES;
				CLANG_WARN_DIRECT_OBJC_ISA_USAGE = YES_ERROR;
				CLANG_WARN_DOCUMENTATION_COMMENTS = YES;
				CLANG_WARN_EMPTY_BODY = YES;
				CLANG_WARN_ENUM_CONVERSION = YES;
				CLANG_WARN_INFINITE_RECURSION = YES;
				CLANG_WARN_INT_CONVERSION = YES;
				CLANG_WARN_NON_LITERAL_NULL_CONVERSION = YES;
				CLANG_WARN_OBJC_IMPLICIT_RETAIN_SELF = YES;
				CLANG_WARN_OBJC_LITERAL_CONVERSION = YES;
				CLANG_WARN_OBJC_ROOT_CLASS = YES_ERROR;
				CLANG_WARN_QUOTED_INCLUDE_IN_FRAMEWORK_HEADER = YES;
				CLANG_WARN_RANGE_LOOP_ANALYSIS = YES;
				CLANG_WARN_STRICT_PROTOTYPES = YES;
				CLANG_WARN_SUSPICIOUS_MOVE = YES;
				CLANG_WARN_UNGUARDED_AVAILABILITY = YES_AGGRESSIVE;
				CLANG_WARN_UNREACHABLE_CODE = YES;
				CLANG_WARN__DUPLICATE_METHOD_MATCH = YES;
				COPY_PHASE_STRIP = NO;
				DEBUG_INFORMATION_FORMAT = dwarf;
				ENABLE_STRICT_OBJC_MSGSEND = YES;
				ENABLE_TESTABILITY = YES;
				GCC_C_LANGUAGE_STANDARD = gnu11;
				GCC_DYNAMIC_NO_PIC = NO;
				GCC_NO_COMMON_BLOCKS = YES;
				GCC_OPTIMIZATION_LEVEL = 0;
				GCC_PREPROCESSOR_DEFINITIONS = (
					"DEBUG=1",
					"$(inherited)",
				);
				GCC_WARN_64_TO_32_BIT_CONVERSION = YES;
				GCC_WARN_ABOUT_RETURN_TYPE = YES_ERROR;
				GCC_WARN_UNDECLARED_SELECTOR = YES;
				GCC_WARN_UNINITIALIZED_AUTOS = YES_AGGRESSIVE;
				GCC_WARN_UNUSED_FUNCTION = YES;
				GCC_WARN_UNUSED_VARIABLE = YES;
				IPHONEOS_DEPLOYMENT_TARGET = 15.5;
				MTL_ENABLE_DEBUG_INFO = INCLUDE_SOURCE;
				MTL_FAST_MATH = YES;
				ONLY_ACTIVE_ARCH = YES;
				SDKROOT = iphoneos;
				SWIFT_ACTIVE_COMPILATION_CONDITIONS = DEBUG;
				SWIFT_OPTIMIZATION_LEVEL = "-Onone";
			};
			name = Debug;
		};
		BCCA6CF2285B0D4E0033D37C /* Release */ = {
			isa = XCBuildConfiguration;
			buildSettings = {
				ALWAYS_SEARCH_USER_PATHS = NO;
				CLANG_ANALYZER_NONNULL = YES;
				CLANG_ANALYZER_NUMBER_OBJECT_CONVERSION = YES_AGGRESSIVE;
				CLANG_CXX_LANGUAGE_STANDARD = "gnu++17";
				CLANG_ENABLE_MODULES = YES;
				CLANG_ENABLE_OBJC_ARC = YES;
				CLANG_ENABLE_OBJC_WEAK = YES;
				CLANG_WARN_BLOCK_CAPTURE_AUTORELEASING = YES;
				CLANG_WARN_BOOL_CONVERSION = YES;
				CLANG_WARN_COMMA = YES;
				CLANG_WARN_CONSTANT_CONVERSION = YES;
				CLANG_WARN_DEPRECATED_OBJC_IMPLEMENTATIONS = YES;
				CLANG_WARN_DIRECT_OBJC_ISA_USAGE = YES_ERROR;
				CLANG_WARN_DOCUMENTATION_COMMENTS = YES;
				CLANG_WARN_EMPTY_BODY = YES;
				CLANG_WARN_ENUM_CONVERSION = YES;
				CLANG_WARN_INFINITE_RECURSION = YES;
				CLANG_WARN_INT_CONVERSION = YES;
				CLANG_WARN_NON_LITERAL_NULL_CONVERSION = YES;
				CLANG_WARN_OBJC_IMPLICIT_RETAIN_SELF = YES;
				CLANG_WARN_OBJC_LITERAL_CONVERSION = YES;
				CLANG_WARN_OBJC_ROOT_CLASS = YES_ERROR;
				CLANG_WARN_QUOTED_INCLUDE_IN_FRAMEWORK_HEADER = YES;
				CLANG_WARN_RANGE_LOOP_ANALYSIS = YES;
				CLANG_WARN_STRICT_PROTOTYPES = YES;
				CLANG_WARN_SUSPICIOUS_MOVE = YES;
				CLANG_WARN_UNGUARDED_AVAILABILITY = YES_AGGRESSIVE;
				CLANG_WARN_UNREACHABLE_CODE = YES;
				CLANG_WARN__DUPLICATE_METHOD_MATCH = YES;
				COPY_PHASE_STRIP = NO;
				DEBUG_INFORMATION_FORMAT = "dwarf-with-dsym";
				ENABLE_NS_ASSERTIONS = NO;
				ENABLE_STRICT_OBJC_MSGSEND = YES;
				GCC_C_LANGUAGE_STANDARD = gnu11;
				GCC_NO_COMMON_BLOCKS = YES;
				GCC_WARN_64_TO_32_BIT_CONVERSION = YES;
				GCC_WARN_ABOUT_RETURN_TYPE = YES_ERROR;
				GCC_WARN_UNDECLARED_SELECTOR = YES;
				GCC_WARN_UNINITIALIZED_AUTOS = YES_AGGRESSIVE;
				GCC_WARN_UNUSED_FUNCTION = YES;
				GCC_WARN_UNUSED_VARIABLE = YES;
				IPHONEOS_DEPLOYMENT_TARGET = 15.5;
				MTL_ENABLE_DEBUG_INFO = NO;
				MTL_FAST_MATH = YES;
				SDKROOT = iphoneos;
				SWIFT_COMPILATION_MODE = wholemodule;
				SWIFT_OPTIMIZATION_LEVEL = "-O";
				VALIDATE_PRODUCT = YES;
			};
			name = Release;
		};
		BCCA6CF4285B0D4E0033D37C /* Debug */ = {
			isa = XCBuildConfiguration;
			buildSettings = {
				ASSETCATALOG_COMPILER_APPICON_NAME = AppIcon;
				ASSETCATALOG_COMPILER_GLOBAL_ACCENT_COLOR_NAME = AccentColor;
				CODE_SIGN_STYLE = Automatic;
				CURRENT_PROJECT_VERSION = 1;
				DEVELOPMENT_ASSET_PATHS = "\"Crypto/Preview Content\"";
				DEVELOPMENT_TEAM = QDSBWXHJ8Z;
				ENABLE_PREVIEWS = YES;
				GENERATE_INFOPLIST_FILE = YES;
				INFOPLIST_FILE = Crypto/Info.plist;
				INFOPLIST_KEY_UIApplicationSceneManifest_Generation = YES;
				INFOPLIST_KEY_UIApplicationSupportsIndirectInputEvents = YES;
				INFOPLIST_KEY_UILaunchScreen_Generation = YES;
				INFOPLIST_KEY_UISupportedInterfaceOrientations = UIInterfaceOrientationPortrait;
				INFOPLIST_KEY_UISupportedInterfaceOrientations_iPad = "UIInterfaceOrientationPortrait UIInterfaceOrientationPortraitUpsideDown UIInterfaceOrientationLandscapeLeft UIInterfaceOrientationLandscapeRight";
				INFOPLIST_KEY_UISupportedInterfaceOrientations_iPhone = "UIInterfaceOrientationPortrait UIInterfaceOrientationLandscapeLeft UIInterfaceOrientationLandscapeRight";
				LD_RUNPATH_SEARCH_PATHS = (
					"$(inherited)",
					"@executable_path/Frameworks",
				);
				MARKETING_VERSION = 1.0;
				PRODUCT_BUNDLE_IDENTIFIER = com.yakushev.Crypto;
				PRODUCT_NAME = "Crypto tracker";
				SWIFT_EMIT_LOC_STRINGS = YES;
				SWIFT_VERSION = 5.0;
				TARGETED_DEVICE_FAMILY = "1,2";
			};
			name = Debug;
		};
		BCCA6CF5285B0D4E0033D37C /* Release */ = {
			isa = XCBuildConfiguration;
			buildSettings = {
				ASSETCATALOG_COMPILER_APPICON_NAME = AppIcon;
				ASSETCATALOG_COMPILER_GLOBAL_ACCENT_COLOR_NAME = AccentColor;
				CODE_SIGN_STYLE = Automatic;
				CURRENT_PROJECT_VERSION = 1;
				DEVELOPMENT_ASSET_PATHS = "\"Crypto/Preview Content\"";
				DEVELOPMENT_TEAM = QDSBWXHJ8Z;
				ENABLE_PREVIEWS = YES;
				GENERATE_INFOPLIST_FILE = YES;
				INFOPLIST_FILE = Crypto/Info.plist;
				INFOPLIST_KEY_UIApplicationSceneManifest_Generation = YES;
				INFOPLIST_KEY_UIApplicationSupportsIndirectInputEvents = YES;
				INFOPLIST_KEY_UILaunchScreen_Generation = YES;
				INFOPLIST_KEY_UISupportedInterfaceOrientations = UIInterfaceOrientationPortrait;
				INFOPLIST_KEY_UISupportedInterfaceOrientations_iPad = "UIInterfaceOrientationPortrait UIInterfaceOrientationPortraitUpsideDown UIInterfaceOrientationLandscapeLeft UIInterfaceOrientationLandscapeRight";
				INFOPLIST_KEY_UISupportedInterfaceOrientations_iPhone = "UIInterfaceOrientationPortrait UIInterfaceOrientationLandscapeLeft UIInterfaceOrientationLandscapeRight";
				LD_RUNPATH_SEARCH_PATHS = (
					"$(inherited)",
					"@executable_path/Frameworks",
				);
				MARKETING_VERSION = 1.0;
				PRODUCT_BUNDLE_IDENTIFIER = com.yakushev.Crypto;
				PRODUCT_NAME = "Crypto tracker";
				SWIFT_EMIT_LOC_STRINGS = YES;
				SWIFT_VERSION = 5.0;
				TARGETED_DEVICE_FAMILY = "1,2";
			};
			name = Release;
		};
/* End XCBuildConfiguration section */

/* Begin XCConfigurationList section */
		BCCA6CE0285B0D4A0033D37C /* Build configuration list for PBXProject "Crypto" */ = {
			isa = XCConfigurationList;
			buildConfigurations = (
				BCCA6CF1285B0D4E0033D37C /* Debug */,
				BCCA6CF2285B0D4E0033D37C /* Release */,
			);
			defaultConfigurationIsVisible = 0;
			defaultConfigurationName = Release;
		};
		BCCA6CF3285B0D4E0033D37C /* Build configuration list for PBXNativeTarget "Crypto" */ = {
			isa = XCConfigurationList;
			buildConfigurations = (
				BCCA6CF4285B0D4E0033D37C /* Debug */,
				BCCA6CF5285B0D4E0033D37C /* Release */,
			);
			defaultConfigurationIsVisible = 0;
			defaultConfigurationName = Release;
		};
/* End XCConfigurationList section */

/* Begin XCVersionGroup section */
		BC2E9F21286DA4D4006B6CEA /* PortfolioContainer.xcdatamodeld */ = {
			isa = XCVersionGroup;
			children = (
				BC2E9F22286DA4D4006B6CEA /* PortfolioContainer.xcdatamodel */,
			);
			currentVersion = BC2E9F22286DA4D4006B6CEA /* PortfolioContainer.xcdatamodel */;
			path = PortfolioContainer.xcdatamodeld;
			sourceTree = "<group>";
			versionGroupType = wrapper.xcdatamodel;
		};
/* End XCVersionGroup section */
	};
	rootObject = BCCA6CDD285B0D4A0033D37C /* Project object */;
}
